# THIS IS AN AUTOGENERATED FILE. DO NOT EDIT THIS FILE DIRECTLY.
# yarn lockfile v1


"@75lb/deep-merge@^1.1.1":
  version "1.1.1"
  resolved "https://registry.npmmirror.com/@75lb/deep-merge/-/deep-merge-1.1.1.tgz#3b06155b90d34f5f8cc2107d796f1853ba02fd6d"
  integrity sha512-xvgv6pkMGBA6GwdyJbNAnDmfAIR/DfWhrj9jgWh3TY7gRm3KO46x/GPjRg6wJ0nOepwqrNxFfojebh0Df4h4Tw==
  dependencies:
    lodash.assignwith "^4.2.0"
    typical "^7.1.1"

"@lakehouse-rs/flight-sql-client-android-arm-eabi@0.0.10":
  version "0.0.10"
  resolved "https://registry.npmmirror.com/@lakehouse-rs/flight-sql-client-android-arm-eabi/-/flight-sql-client-android-arm-eabi-0.0.10.tgz#78d91d979c1d111cd2b3e4613d71a759d4c276f5"
  integrity sha512-FSats/tFyqMcfLLUcvSxnrm5KT17yJAfel8dPUO9V3Whv/MYrEOpAsrcweqNTgralzZigSw19XYg0OxHHbeveg==

"@lakehouse-rs/flight-sql-client-android-arm64@0.0.10":
  version "0.0.10"
  resolved "https://registry.npmmirror.com/@lakehouse-rs/flight-sql-client-android-arm64/-/flight-sql-client-android-arm64-0.0.10.tgz#c9097886b6076fc53cbd3f500e4e2741e8531047"
  integrity sha512-SM0b49oUlx6IiYOj87Y7C5V4caLf1SDiKu7XNYsgaFaBT1cyCKjkcAsfB2PWMmmhKsgp/UkofKHd+d0OzUdJkA==

"@lakehouse-rs/flight-sql-client-darwin-arm64@0.0.10":
  version "0.0.10"
  resolved "https://registry.npmmirror.com/@lakehouse-rs/flight-sql-client-darwin-arm64/-/flight-sql-client-darwin-arm64-0.0.10.tgz#09b46fc9877ab3c5a293a4337d7d9881e74f7679"
  integrity sha512-vGvxWUUQiP8xpDYrSVoYnB9w6R2HloR0Fjuyn8orTy/MxI5duK5uyOvkwM2BkBmU52aLAGCvVzfHnF86oIZRRQ==

"@lakehouse-rs/flight-sql-client-darwin-x64@0.0.10":
  version "0.0.10"
  resolved "https://registry.npmmirror.com/@lakehouse-rs/flight-sql-client-darwin-x64/-/flight-sql-client-darwin-x64-0.0.10.tgz#e31e52c5ba598b46191dece5b707bf530aeef39b"
  integrity sha512-GG798Nd2RwSQwJF7lD2p6WjMP2LGtFt0jLzVBHKvr9WeACufOUgqoEeo8UWcAhNRtv0/kQLoieM3D0ytC9dgLg==

"@lakehouse-rs/flight-sql-client-freebsd-x64@0.0.10":
  version "0.0.7"
  resolved "https://registry.npmmirror.com/@lakehouse-rs/flight-sql-client-freebsd-x64/-/flight-sql-client-freebsd-x64-0.0.7.tgz#772289873234994a338d3878ae062aa5de737da6"
  integrity sha512-XVErUhgidw3GPVrbI14HPOmkIV8r6bF6SUdemN+8n/6ldF0xDsgdjwWGj9PBUkEwn6tZkfjafF4UsQyLJ/UUEQ==

"@lakehouse-rs/flight-sql-client-linux-arm-gnueabihf@0.0.10":
  version "0.0.10"
  resolved "https://registry.npmmirror.com/@lakehouse-rs/flight-sql-client-linux-arm-gnueabihf/-/flight-sql-client-linux-arm-gnueabihf-0.0.10.tgz#89e50c576d6fef0fd38d6764907832fb7f31cb52"
  integrity sha512-mwV0cXYzxgbK3cDZim+zyMfB5MhYuSZAapgeVYoNjtmDaWDDZNd4k5aOqdYAq6N0HTAYvxZ3CLaYowJoy+3vmg==

"@lakehouse-rs/flight-sql-client-linux-arm64-gnu@0.0.10":
  version "0.0.10"
  resolved "https://registry.npmmirror.com/@lakehouse-rs/flight-sql-client-linux-arm64-gnu/-/flight-sql-client-linux-arm64-gnu-0.0.10.tgz#5a81f1c5ae8f9f2a6fd5caa9f233ad057ba10eb3"
  integrity sha512-YUG06GgSWrXfwcfK38q4Uvxe4zp30cE9Z0ElXrty0x49VchtYAR2GeenPtUAYJ8ebslan7pWzErfxKKz6QDvSA==

"@lakehouse-rs/flight-sql-client-linux-arm64-musl@0.0.10":
  version "0.0.10"
  resolved "https://registry.npmmirror.com/@lakehouse-rs/flight-sql-client-linux-arm64-musl/-/flight-sql-client-linux-arm64-musl-0.0.10.tgz#ca168799f41262ac273ab939a4b4949a5ca96003"
  integrity sha512-6iVOb8wHjgsAMJkdHb01LE0wof3hv68kjYOtMFF7DJwLZBWXqLInN0iHOK0/U13EWKEnGD25JjyVbaq3he7OgQ==

"@lakehouse-rs/flight-sql-client-linux-x64-gnu@0.0.10":
  version "0.0.10"
  resolved "https://registry.npmmirror.com/@lakehouse-rs/flight-sql-client-linux-x64-gnu/-/flight-sql-client-linux-x64-gnu-0.0.10.tgz#9df7201836b1babbbe8a65446ca00606abf1833f"
  integrity sha512-31YEbhfdURz/FTpF427XARMiAnbEonvbEXgRRpVAcMe/ANvKofVKicGvTH/IG2qNUwbqobD4mjQdfQhM3CqVyg==

"@lakehouse-rs/flight-sql-client-linux-x64-musl@0.0.10":
  version "0.0.10"
  resolved "https://registry.npmmirror.com/@lakehouse-rs/flight-sql-client-linux-x64-musl/-/flight-sql-client-linux-x64-musl-0.0.10.tgz#b513dfc32da16abd38e89261f728239837191d5c"
  integrity sha512-bjJ8miz+OwXow0AU0MRIicCtLJzHD9A/SlERtvo9KvOhjjQPTjUV5vzZTNoyJLvSs0Rw/lfsJb9Xib8EIiuvuQ==

"@lakehouse-rs/flight-sql-client-win32-ia32-msvc@0.0.10":
  version "0.0.10"
  resolved "https://registry.npmmirror.com/@lakehouse-rs/flight-sql-client-win32-ia32-msvc/-/flight-sql-client-win32-ia32-msvc-0.0.10.tgz#f77e3e294855a9d6a58f735f17e24811b2f523d0"
  integrity sha512-A0qZVDD9mRaevgry8KuuDt7DyNQ8YdwTSFe+KYXHCK9u21nibjTuh9A66cDOVNPwVOt5BFC9wRX0NlVMVIcZ0Q==

"@lakehouse-rs/flight-sql-client-win32-x64-msvc@0.0.10":
  version "0.0.10"
  resolved "https://registry.npmmirror.com/@lakehouse-rs/flight-sql-client-win32-x64-msvc/-/flight-sql-client-win32-x64-msvc-0.0.10.tgz#80f33bba748058d360674a7ca4adc20de9a97774"
  integrity sha512-RSc8xFGh8SSBSwgb4inAasb5ri2hsIcf4PPbpzBlAx+o/WcWnvxpE1zGReOX/0+aFPKLS6I+w4Hk3Zoh9yv0Fg==

"@lakehouse-rs/flight-sql-client@^0.0.10":
  version "0.0.10"
  resolved "https://registry.npmmirror.com/@lakehouse-rs/flight-sql-client/-/flight-sql-client-0.0.10.tgz#82d80d5565bfc5add6b8a8a590688dadb66ab250"
  integrity sha512-a+4rshqmgpQcgXaWSRv6KkzJdOHsOBP5wqu/NK9DaMPvswNlWaDS49xEdwqZw9Y1UE2GXJVQ1fCQpyWEN+d+sA==
  dependencies:
    apache-arrow "^14.0.1"
  optionalDependencies:
    "@lakehouse-rs/flight-sql-client-android-arm-eabi" "0.0.10"
    "@lakehouse-rs/flight-sql-client-android-arm64" "0.0.10"
    "@lakehouse-rs/flight-sql-client-darwin-arm64" "0.0.10"
    "@lakehouse-rs/flight-sql-client-darwin-x64" "0.0.10"
    "@lakehouse-rs/flight-sql-client-freebsd-x64" "0.0.10"
    "@lakehouse-rs/flight-sql-client-linux-arm-gnueabihf" "0.0.10"
    "@lakehouse-rs/flight-sql-client-linux-arm64-gnu" "0.0.10"
    "@lakehouse-rs/flight-sql-client-linux-arm64-musl" "0.0.10"
    "@lakehouse-rs/flight-sql-client-linux-x64-gnu" "0.0.10"
    "@lakehouse-rs/flight-sql-client-linux-x64-musl" "0.0.10"
    "@lakehouse-rs/flight-sql-client-win32-ia32-msvc" "0.0.10"
    "@lakehouse-rs/flight-sql-client-win32-x64-msvc" "0.0.10"

"@swc/helpers@^0.5.2":
  version "0.5.10"
  resolved "https://registry.npmmirror.com/@swc/helpers/-/helpers-0.5.10.tgz#5720082d007197cd85743dd599198097126a3f6e"
  integrity sha512-CU+RF9FySljn7HVSkkjiB84hWkvTaI3rtLvF433+jRSBL2hMu3zX5bGhHS8C80SM++h4xy8hBSnUHFQHmRXSBw==
  dependencies:
    tslib "^2.4.0"

"@types/command-line-args@5.2.0":
  version "5.2.0"
  resolved "https://registry.npmmirror.com/@types/command-line-args/-/command-line-args-5.2.0.tgz#adbb77980a1cc376bb208e3f4142e907410430f6"
  integrity sha512-UuKzKpJJ/Ief6ufIaIzr3A/0XnluX7RvFgwkV89Yzvm77wCh1kFaFmqN8XEnGcN62EuHdedQjEMb8mYxFLGPyA==

"@types/command-line-args@^5.2.1":
  version "5.2.3"
  resolved "https://registry.npmmirror.com/@types/command-line-args/-/command-line-args-5.2.3.tgz#553ce2fd5acf160b448d307649b38ffc60d39639"
  integrity sha512-uv0aG6R0Y8WHZLTamZwtfsDLVRnOa+n+n5rEvFWL5Na5gZ8V2Teab/duDPFzIIIhs9qizDpcavCusCLJZu62Kw==

"@types/command-line-usage@5.0.2":
  version "5.0.2"
  resolved "https://registry.npmmirror.com/@types/command-line-usage/-/command-line-usage-5.0.2.tgz#ba5e3f6ae5a2009d466679cc431b50635bf1a064"
  integrity sha512-n7RlEEJ+4x4TS7ZQddTmNSxP+zziEG0TNsMfiRIxcIVXt71ENJ9ojeXmGO3wPoTdn7pJcU2xc3CJYMktNT6DPg==

"@types/command-line-usage@^5.0.2":
  version "5.0.4"
  resolved "https://registry.npmmirror.com/@types/command-line-usage/-/command-line-usage-5.0.4.tgz#374e4c62d78fbc5a670a0f36da10235af879a0d5"
  integrity sha512-BwR5KP3Es/CSht0xqBcUXS3qCAUVXwpRKsV2+arxeb65atasuXG9LykC9Ab10Cw3s2raH92ZqOeILaQbsB2ACg==

"@types/node@20.3.0":
  version "20.3.0"
  resolved "https://registry.npmmirror.com/@types/node/-/node-20.3.0.tgz#719498898d5defab83c3560f45d8498f58d11938"
  integrity sha512-cumHmIAf6On83X7yP+LrsEyUOf/YlociZelmpRYaGFydoaPdxdt80MAbu6vWerQT2COCp2nPvHdsbD7tHn/YlQ==

"@types/node@^20.6.0":
  version "20.12.7"
  resolved "https://registry.npmmirror.com/@types/node/-/node-20.12.7.tgz#04080362fa3dd6c5822061aa3124f5c152cff384"
  integrity sha512-wq0cICSkRLVaf3UGLMGItu/PtdY7oaXaI/RVU+xliKVOtRna3PRY57ZDfztpDL0n11vfymMUnXv8QwYCO7L1wg==
  dependencies:
    undici-types "~5.26.4"

"@types/pad-left@2.1.1":
  version "2.1.1"
  resolved "https://registry.npmmirror.com/@types/pad-left/-/pad-left-2.1.1.tgz#17d906fc75804e1cc722da73623f1d978f16a137"
  integrity sha512-Xd22WCRBydkGSApl5Bw0PhAOHKSVjNL3E3AwzKaps96IMraPqy5BvZIsBVK6JLwdybUzjHnuWVwpDd0JjTfHXA==

"@vercel/ncc@^0.38.1":
  version "0.38.1"
  resolved "https://registry.npmmirror.com/@vercel/ncc/-/ncc-0.38.1.tgz#13f08738111e1d9e8a22fd6141f3590e54d9a60e"
  integrity sha512-IBBb+iI2NLu4VQn3Vwldyi2QwaXt5+hTyh58ggAMoCGE6DJmPvwL3KPBWcJl1m9LYPChBLE980Jw+CS4Wokqxw==

ansi-styles@^4.1.0:
  version "4.3.0"
  resolved "https://registry.npmmirror.com/ansi-styles/-/ansi-styles-4.3.0.tgz#edd803628ae71c04c85ae7a0906edad34b648937"
  integrity sha512-zbB9rCJAT1rbjiVDb2hqKFHNYLxgtk8NURxZ3IZwD3F6NtxbXZQCnnSi1Lkx+IDohdPlFp222wVALIheZJQSEg==
  dependencies:
    color-convert "^2.0.1"

apache-arrow@^14.0.1:
  version "14.0.2"
  resolved "https://registry.npmmirror.com/apache-arrow/-/apache-arrow-14.0.2.tgz#737f7b8211ef99a2c137dcc9d2001b469efb0344"
  integrity sha512-EBO2xJN36/XoY81nhLcwCJgFwkboDZeyNQ+OPsG7bCoQjc2BT0aTyH/MR6SrL+LirSNz+cYqjGRlupMMlP1aEg==
  dependencies:
    "@types/command-line-args" "5.2.0"
    "@types/command-line-usage" "5.0.2"
    "@types/node" "20.3.0"
    "@types/pad-left" "2.1.1"
    command-line-args "5.2.1"
    command-line-usage "7.0.1"
    flatbuffers "23.5.26"
    json-bignum "^0.0.3"
    pad-left "^2.1.0"
    tslib "^2.5.3"

apache-arrow@^15.0.2:
  version "15.0.2"
  resolved "https://registry.npmmirror.com/apache-arrow/-/apache-arrow-15.0.2.tgz#d87c6447d64d6fab34aa70119362680b6617ce63"
  integrity sha512-RvwlFxLRpO405PLGffx4N2PYLiF7FD86Q1hHl6J2XCWiq+tTCzpb9ngFw0apFDcXZBMpCzMuwAvA7hjyL1/73A==
  dependencies:
    "@swc/helpers" "^0.5.2"
    "@types/command-line-args" "^5.2.1"
    "@types/command-line-usage" "^5.0.2"
    "@types/node" "^20.6.0"
    command-line-args "^5.2.1"
    command-line-usage "^7.0.1"
    flatbuffers "^23.5.26"
    json-bignum "^0.0.3"
    tslib "^2.6.2"

array-back@^3.0.1, array-back@^3.1.0:
  version "3.1.0"
  resolved "https://registry.npmmirror.com/array-back/-/array-back-3.1.0.tgz#b8859d7a508871c9a7b2cf42f99428f65e96bfb0"
  integrity sha512-TkuxA4UCOvxuDK6NZYXCalszEzj+TLszyASooky+i742l9TqsOdYCMJJupxRic61hwquNtppB3hgcuq9SVSH1Q==

array-back@^6.2.2:
  version "6.2.2"
  resolved "https://registry.npmmirror.com/array-back/-/array-back-6.2.2.tgz#f567d99e9af88a6d3d2f9dfcc21db6f9ba9fd157"
  integrity sha512-gUAZ7HPyb4SJczXAMUXMGAvI976JoK3qEx9v1FTmeYuJj0IBiaKttG1ydtGKdkfqWkIkouke7nG8ufGy77+Cvw==

chalk-template@^0.4.0:
  version "0.4.0"
  resolved "https://registry.npmmirror.com/chalk-template/-/chalk-template-0.4.0.tgz#692c034d0ed62436b9062c1707fadcd0f753204b"
  integrity sha512-/ghrgmhfY8RaSdeo43hNXxpoHAtxdbskUHjPpfqUWGttFgycUhYPGx3YZBCnUCvOa7Doivn1IZec3DEGFoMgLg==
  dependencies:
    chalk "^4.1.2"

chalk@^4.1.2:
  version "4.1.2"
  resolved "https://registry.npmmirror.com/chalk/-/chalk-4.1.2.tgz#aac4e2b7734a740867aeb16bf02aad556a1e7a01"
  integrity sha512-oKnbhFyRIXpUuez8iBMmyEa4nbj4IOQyuhc/wy9kY7/WVPcwIO9VA668Pu8RkO7+0G76SLROeyw9CpQ061i4mA==
  dependencies:
    ansi-styles "^4.1.0"
    supports-color "^7.1.0"

color-convert@^2.0.1:
  version "2.0.1"
  resolved "https://registry.npmmirror.com/color-convert/-/color-convert-2.0.1.tgz#72d3a68d598c9bdb3af2ad1e84f21d896abd4de3"
  integrity sha512-RRECPsj7iu/xb5oKYcsFHSppFNnsj/52OVTRKb4zP5onXwVF3zVmmToNcOfGC+CRDpfK/U584fMg38ZHCaElKQ==
  dependencies:
    color-name "~1.1.4"

color-name@~1.1.4:
  version "1.1.4"
  resolved "https://registry.npmmirror.com/color-name/-/color-name-1.1.4.tgz#c2a09a87acbde69543de6f63fa3995c826c536a2"
  integrity sha512-dOy+3AuW3a2wNbZHIuMZpTcgjGuLU/uBL/ubcZF9OXbDo8ff4O8yVp5Bf0efS8uEoYo5q4Fx7dY9OgQGXgAsQA==

command-line-args@5.2.1, command-line-args@^5.2.1:
  version "5.2.1"
  resolved "https://registry.npmmirror.com/command-line-args/-/command-line-args-5.2.1.tgz#c44c32e437a57d7c51157696893c5909e9cec42e"
  integrity sha512-H4UfQhZyakIjC74I9d34fGYDwk3XpSr17QhEd0Q3I9Xq1CETHo4Hcuo87WyWHpAF1aSLjLRf5lD9ZGX2qStUvg==
  dependencies:
    array-back "^3.1.0"
    find-replace "^3.0.0"
    lodash.camelcase "^4.3.0"
    typical "^4.0.0"

command-line-usage@7.0.1, command-line-usage@^7.0.0, command-line-usage@^7.0.1:
  version "7.0.1"
  resolved "https://registry.npmmirror.com/command-line-usage/-/command-line-usage-7.0.1.tgz#e540afef4a4f3bc501b124ffde33956309100655"
  integrity sha512-NCyznE//MuTjwi3y84QVUGEOT+P5oto1e1Pk/jFPVdPPfsG03qpTIl3yw6etR+v73d0lXsoojRpvbru2sqePxQ==
  dependencies:
    array-back "^6.2.2"
    chalk-template "^0.4.0"
    table-layout "^3.0.0"
    typical "^7.1.1"

find-replace@^3.0.0:
  version "3.0.0"
  resolved "https://registry.npmmirror.com/find-replace/-/find-replace-3.0.0.tgz#3e7e23d3b05167a76f770c9fbd5258b0def68c38"
  integrity sha512-6Tb2myMioCAgv5kfvP5/PkZZ/ntTpVK39fHY7WkWBgvbeE+VHd/tZuZ4mrC+bxh4cfOZeYKVPaJIZtZXV7GNCQ==
  dependencies:
    array-back "^3.0.1"

flatbuffers@23.5.26, flatbuffers@^23.5.26:
  version "23.5.26"
  resolved "https://registry.npmmirror.com/flatbuffers/-/flatbuffers-23.5.26.tgz#01358e272a61239f0faf3bfbe4e014f3ace9d746"
  integrity sha512-vE+SI9vrJDwi1oETtTIFldC/o9GsVKRM+s6EL0nQgxXlYV1Vc4Tk30hj4xGICftInKQKj1F3up2n8UbIVobISQ==

has-flag@^4.0.0:
  version "4.0.0"
  resolved "https://registry.npmmirror.com/has-flag/-/has-flag-4.0.0.tgz#944771fd9c81c81265c4d6941860da06bb59479b"
  integrity sha512-EykJT/Q1KjTWctppgIAgfSO0tKVuZUjhgMr17kqTumMl6Afv3EISleU7qZUzoXDFTAHTDC4NOoG/ZxU3EvlMPQ==

json-bignum@^0.0.3:
  version "0.0.3"
  resolved "https://registry.npmmirror.com/json-bignum/-/json-bignum-0.0.3.tgz#41163b50436c773d82424dbc20ed70db7604b8d7"
  integrity sha512-2WHyXj3OfHSgNyuzDbSxI1w2jgw5gkWSWhS7Qg4bWXx1nLk3jnbwfUeS0PSba3IzpTUWdHxBieELUzXRjQB2zg==

lodash.assignwith@^4.2.0:
  version "4.2.0"
  resolved "https://registry.npmmirror.com/lodash.assignwith/-/lodash.assignwith-4.2.0.tgz#127a97f02adc41751a954d24b0de17e100e038eb"
  integrity sha512-ZznplvbvtjK2gMvnQ1BR/zqPFZmS6jbK4p+6Up4xcRYA7yMIwxHCfbTcrYxXKzzqLsQ05eJPVznEW3tuwV7k1g==

lodash.camelcase@^4.3.0:
  version "4.3.0"
  resolved "https://registry.npmmirror.com/lodash.camelcase/-/lodash.camelcase-4.3.0.tgz#b28aa6288a2b9fc651035c7711f65ab6190331a6"
  integrity sha512-TwuEnCnxbc3rAvhf/LbG7tJUDzhqXyFnv3dtzLOPgCG/hODL7WFnsbwktkD7yUV0RrreP/l1PALq/YSg6VvjlA==

pad-left@^2.1.0:
  version "2.1.0"
  resolved "https://registry.npmmirror.com/pad-left/-/pad-left-2.1.0.tgz#16e6a3b2d44a8e138cb0838cc7cb403a4fc9e994"
  integrity sha512-HJxs9K9AztdIQIAIa/OIazRAUW/L6B9hbQDxO4X07roW3eo9XqZc2ur9bn1StH9CnbbI9EgvejHQX7CBpCF1QA==
  dependencies:
    repeat-string "^1.5.4"

repeat-string@^1.5.4:
  version "1.6.1"
  resolved "https://registry.npmmirror.com/repeat-string/-/repeat-string-1.6.1.tgz#8dcae470e1c88abc2d600fff4a776286da75e637"
  integrity sha512-PV0dzCYDNfRi1jCDbJzpW7jNNDRuCOG/jI5ctQcGKt/clZD+YcPS3yIlWuTJMmESC8aevCFmWJy5wjAFgNqN6w==

stream-read-all@^3.0.1:
  version "3.0.1"
  resolved "https://registry.npmmirror.com/stream-read-all/-/stream-read-all-3.0.1.tgz#60762ae45e61d93ba0978cda7f3913790052ad96"
  integrity sha512-EWZT9XOceBPlVJRrYcykW8jyRSZYbkb/0ZK36uLEmoWVO5gxBOnntNTseNzfREsqxqdfEGQrD8SXQ3QWbBmq8A==

supports-color@^7.1.0:
  version "7.2.0"
  resolved "https://registry.npmmirror.com/supports-color/-/supports-color-7.2.0.tgz#1b7dcdcb32b8138801b3e478ba6a51caa89648da"
  integrity sha512-qpCAvRl9stuOHveKsn7HncJRvv501qIacKzQlO/+Lwxc9+0q2wLyv4Dfvt80/DPn2pqOBsJdDiogXGR9+OvwRw==
  dependencies:
    has-flag "^4.0.0"

table-layout@^3.0.0:
  version "3.0.2"
  resolved "https://registry.npmmirror.com/table-layout/-/table-layout-3.0.2.tgz#69c2be44388a5139b48c59cf21e73b488021769a"
  integrity sha512-rpyNZYRw+/C+dYkcQ3Pr+rLxW4CfHpXjPDnG7lYhdRoUcZTUt+KEsX+94RGp/aVp/MQU35JCITv2T/beY4m+hw==
  dependencies:
    "@75lb/deep-merge" "^1.1.1"
    array-back "^6.2.2"
    command-line-args "^5.2.1"
    command-line-usage "^7.0.0"
    stream-read-all "^3.0.1"
    typical "^7.1.1"
    wordwrapjs "^5.1.0"

tslib@^2.4.0, tslib@^2.5.3, tslib@^2.6.2:
  version "2.6.2"
  resolved "https://registry.npmmirror.com/tslib/-/tslib-2.6.2.tgz#703ac29425e7b37cd6fd456e92404d46d1f3e4ae"
  integrity sha512-AEYxH93jGFPn/a2iVAwW87VuUIkR1FVUKB77NwMF7nBTDkDrrT/Hpt/IrCJ0QXhW27jTBDcf5ZY7w6RiqTMw2Q==

typical@^4.0.0:
  version "4.0.0"
  resolved "https://registry.npmmirror.com/typical/-/typical-4.0.0.tgz#cbeaff3b9d7ae1e2bbfaf5a4e6f11eccfde94fc4"
  integrity sha512-VAH4IvQ7BDFYglMd7BPRDfLgxZZX4O4TFcRDA6EN5X7erNJJq+McIEp8np9aVtxrCJ6qx4GTYVfOWNjcqwZgRw==

typical@^7.1.1:
  version "7.1.1"
  resolved "https://registry.npmmirror.com/typical/-/typical-7.1.1.tgz#ba177ab7ab103b78534463ffa4c0c9754523ac1f"
  integrity sha512-T+tKVNs6Wu7IWiAce5BgMd7OZfNYUndHwc5MknN+UHOudi7sGZzuHdCadllRuqJ3fPtgFtIH9+lt9qRv6lmpfA==

undici-types@~5.26.4:
  version "5.26.5"
  resolved "https://registry.npmmirror.com/undici-types/-/undici-types-5.26.5.tgz#bcd539893d00b56e964fd2657a4866b221a65617"
  integrity sha512-JlCMO+ehdEIKqlFxk6IfVoAUVmgz7cU7zD/h9XZ0qzeosSHmUJVOzSQvvYSYWXkFXC+IfLKSIffhv0sVZup6pA==

wordwrapjs@^5.1.0:
  version "5.1.0"
  resolved "https://registry.npmmirror.com/wordwrapjs/-/wordwrapjs-5.1.0.tgz#4c4d20446dcc670b14fa115ef4f8fd9947af2b3a"
  integrity sha512-JNjcULU2e4KJwUNv6CHgI46UvDGitb6dGryHajXTDiLgg1/RiGoPSDw4kZfYnwGtEXf2ZMeIewDQgFGzkCB2Sg==
